// !$*UTF8*$!
{
	archiveVersion = 1;
	classes = {
	};
	objectVersion = 51;
	objects = {

/* Begin PBXBuildFile section */
		0FBF51818656A36938F70067 /* Pods_GameSetMatch.framework in Frameworks */ = {isa = PBXBuildFile; fileRef = BDAB33CC88ED83FFB203AA87 /* Pods_GameSetMatch.framework */; };
		811327162383FB0700AF5F88 /* LoginViewModel.swift in Sources */ = {isa = PBXBuildFile; fileRef = 811327142383FB0700AF5F88 /* LoginViewModel.swift */; };
		811327172383FB0700AF5F88 /* LoginController.swift in Sources */ = {isa = PBXBuildFile; fileRef = 811327152383FB0700AF5F88 /* LoginController.swift */; };
		8113271A23841FB700AF5F88 /* UserDetailsController.swift in Sources */ = {isa = PBXBuildFile; fileRef = 8113271923841FB700AF5F88 /* UserDetailsController.swift */; };
		8113271C2384421F00AF5F88 /* SwipingPhotosController.swift in Sources */ = {isa = PBXBuildFile; fileRef = 8113271B2384421F00AF5F88 /* SwipingPhotosController.swift */; };
		8114AA852382AC8C006724B0 /* SettingsController.swift in Sources */ = {isa = PBXBuildFile; fileRef = 8114AA842382AC8C006724B0 /* SettingsController.swift */; };
		8114AA872382BDE5006724B0 /* SettingsCell.swift in Sources */ = {isa = PBXBuildFile; fileRef = 8114AA862382BDE5006724B0 /* SettingsCell.swift */; };
		8120C951237D543D009F8D91 /* CardViewModel.swift in Sources */ = {isa = PBXBuildFile; fileRef = 8120C950237D543D009F8D91 /* CardViewModel.swift */; };
		8140A1A92381942700C7DE8A /* Bindable.swift in Sources */ = {isa = PBXBuildFile; fileRef = 8140A1A82381942700C7DE8A /* Bindable.swift */; };
		818D7725237BF5230070D1FC /* AppDelegate.swift in Sources */ = {isa = PBXBuildFile; fileRef = 818D7724237BF5230070D1FC /* AppDelegate.swift */; };
		818D7727237BF5230070D1FC /* SceneDelegate.swift in Sources */ = {isa = PBXBuildFile; fileRef = 818D7726237BF5230070D1FC /* SceneDelegate.swift */; };
		818D7729237BF5230070D1FC /* HomeController.swift in Sources */ = {isa = PBXBuildFile; fileRef = 818D7728237BF5230070D1FC /* HomeController.swift */; };
		818D772C237BF5230070D1FC /* Main.storyboard in Resources */ = {isa = PBXBuildFile; fileRef = 818D772A237BF5230070D1FC /* Main.storyboard */; };
		818D772E237BF5240070D1FC /* Assets.xcassets in Resources */ = {isa = PBXBuildFile; fileRef = 818D772D237BF5240070D1FC /* Assets.xcassets */; };
		818D7731237BF5240070D1FC /* LaunchScreen.storyboard in Resources */ = {isa = PBXBuildFile; fileRef = 818D772F237BF5240070D1FC /* LaunchScreen.storyboard */; };
		818D773A237BF7130070D1FC /* Extensions+UIView.swift in Sources */ = {isa = PBXBuildFile; fileRef = 818D7739237BF7130070D1FC /* Extensions+UIView.swift */; };
		818D773D237C024D0070D1FC /* HomeBottomControlsStackView.swift in Sources */ = {isa = PBXBuildFile; fileRef = 818D773C237C024D0070D1FC /* HomeBottomControlsStackView.swift */; };
		818D773F237C07DA0070D1FC /* TopNavigationStackView.swift in Sources */ = {isa = PBXBuildFile; fileRef = 818D773E237C07DA0070D1FC /* TopNavigationStackView.swift */; };
		818D7741237C14D20070D1FC /* CardView.swift in Sources */ = {isa = PBXBuildFile; fileRef = 818D7740237C14D20070D1FC /* CardView.swift */; };
		818D7744237C344B0070D1FC /* User.swift in Sources */ = {isa = PBXBuildFile; fileRef = 818D7743237C344B0070D1FC /* User.swift */; };
		81A81D50237EB497009966ED /* CustomTextField.swift in Sources */ = {isa = PBXBuildFile; fileRef = 81A81D4F237EB497009966ED /* CustomTextField.swift */; };
		81A81D52237ED3CB009966ED /* RegistrationViewModel.swift in Sources */ = {isa = PBXBuildFile; fileRef = 81A81D51237ED3CB009966ED /* RegistrationViewModel.swift */; };
		81A81D54237EE7C3009966ED /* GoogleService-Info.plist in Resources */ = {isa = PBXBuildFile; fileRef = 81A81D53237EE7C3009966ED /* GoogleService-Info.plist */; };
		81B7448C238565360092826D /* PhotoController.swift in Sources */ = {isa = PBXBuildFile; fileRef = 81B7448B238565360092826D /* PhotoController.swift */; };
		81B83F9D237D5C03008A7663 /* Advertiser.swift in Sources */ = {isa = PBXBuildFile; fileRef = 81B83F9C237D5C03008A7663 /* Advertiser.swift */; };
		81B83F9F237D9D0C008A7663 /* RegistrationController.swift in Sources */ = {isa = PBXBuildFile; fileRef = 81B83F9E237D9D0C008A7663 /* RegistrationController.swift */; };
		81DB12E92383102300807998 /* AgeRangeCell.swift in Sources */ = {isa = PBXBuildFile; fileRef = 81DB12E82383102300807998 /* AgeRangeCell.swift */; };
/* End PBXBuildFile section */

/* Begin PBXFileReference section */
		7A4FCA45D21EDAE0A52F25D9 /* Pods-GameSetMatch.debug.xcconfig */ = {isa = PBXFileReference; includeInIndex = 1; lastKnownFileType = text.xcconfig; name = "Pods-GameSetMatch.debug.xcconfig"; path = "Target Support Files/Pods-GameSetMatch/Pods-GameSetMatch.debug.xcconfig"; sourceTree = "<group>"; };
		811327142383FB0700AF5F88 /* LoginViewModel.swift */ = {isa = PBXFileReference; fileEncoding = 4; lastKnownFileType = sourcecode.swift; path = LoginViewModel.swift; sourceTree = "<group>"; };
		811327152383FB0700AF5F88 /* LoginController.swift */ = {isa = PBXFileReference; fileEncoding = 4; lastKnownFileType = sourcecode.swift; path = LoginController.swift; sourceTree = "<group>"; };
		8113271923841FB700AF5F88 /* UserDetailsController.swift */ = {isa = PBXFileReference; lastKnownFileType = sourcecode.swift; path = UserDetailsController.swift; sourceTree = "<group>"; };
		8113271B2384421F00AF5F88 /* SwipingPhotosController.swift */ = {isa = PBXFileReference; lastKnownFileType = sourcecode.swift; path = SwipingPhotosController.swift; sourceTree = "<group>"; };
		8114AA842382AC8C006724B0 /* SettingsController.swift */ = {isa = PBXFileReference; lastKnownFileType = sourcecode.swift; path = SettingsController.swift; sourceTree = "<group>"; };
		8114AA862382BDE5006724B0 /* SettingsCell.swift */ = {isa = PBXFileReference; lastKnownFileType = sourcecode.swift; path = SettingsCell.swift; sourceTree = "<group>"; };
		8120C950237D543D009F8D91 /* CardViewModel.swift */ = {isa = PBXFileReference; lastKnownFileType = sourcecode.swift; path = CardViewModel.swift; sourceTree = "<group>"; };
		8140A1A82381942700C7DE8A /* Bindable.swift */ = {isa = PBXFileReference; lastKnownFileType = sourcecode.swift; path = Bindable.swift; sourceTree = "<group>"; };
		818D7721237BF5230070D1FC /* GameSetMatch.app */ = {isa = PBXFileReference; explicitFileType = wrapper.application; includeInIndex = 0; path = GameSetMatch.app; sourceTree = BUILT_PRODUCTS_DIR; };
		818D7724237BF5230070D1FC /* AppDelegate.swift */ = {isa = PBXFileReference; lastKnownFileType = sourcecode.swift; path = AppDelegate.swift; sourceTree = "<group>"; };
		818D7726237BF5230070D1FC /* SceneDelegate.swift */ = {isa = PBXFileReference; lastKnownFileType = sourcecode.swift; path = SceneDelegate.swift; sourceTree = "<group>"; };
		818D7728237BF5230070D1FC /* HomeController.swift */ = {isa = PBXFileReference; lastKnownFileType = sourcecode.swift; path = HomeController.swift; sourceTree = "<group>"; };
		818D772B237BF5230070D1FC /* Base */ = {isa = PBXFileReference; lastKnownFileType = file.storyboard; name = Base; path = Base.lproj/Main.storyboard; sourceTree = "<group>"; };
		818D772D237BF5240070D1FC /* Assets.xcassets */ = {isa = PBXFileReference; lastKnownFileType = folder.assetcatalog; path = Assets.xcassets; sourceTree = "<group>"; };
		818D7730237BF5240070D1FC /* Base */ = {isa = PBXFileReference; lastKnownFileType = file.storyboard; name = Base; path = Base.lproj/LaunchScreen.storyboard; sourceTree = "<group>"; };
		818D7732237BF5240070D1FC /* Info.plist */ = {isa = PBXFileReference; lastKnownFileType = text.plist.xml; path = Info.plist; sourceTree = "<group>"; };
		818D7739237BF7130070D1FC /* Extensions+UIView.swift */ = {isa = PBXFileReference; fileEncoding = 4; lastKnownFileType = sourcecode.swift; path = "Extensions+UIView.swift"; sourceTree = "<group>"; };
		818D773C237C024D0070D1FC /* HomeBottomControlsStackView.swift */ = {isa = PBXFileReference; lastKnownFileType = sourcecode.swift; path = HomeBottomControlsStackView.swift; sourceTree = "<group>"; };
		818D773E237C07DA0070D1FC /* TopNavigationStackView.swift */ = {isa = PBXFileReference; lastKnownFileType = sourcecode.swift; path = TopNavigationStackView.swift; sourceTree = "<group>"; };
		818D7740237C14D20070D1FC /* CardView.swift */ = {isa = PBXFileReference; lastKnownFileType = sourcecode.swift; path = CardView.swift; sourceTree = "<group>"; };
		818D7743237C344B0070D1FC /* User.swift */ = {isa = PBXFileReference; lastKnownFileType = sourcecode.swift; path = User.swift; sourceTree = "<group>"; };
		81A81D4F237EB497009966ED /* CustomTextField.swift */ = {isa = PBXFileReference; lastKnownFileType = sourcecode.swift; path = CustomTextField.swift; sourceTree = "<group>"; };
		81A81D51237ED3CB009966ED /* RegistrationViewModel.swift */ = {isa = PBXFileReference; lastKnownFileType = sourcecode.swift; path = RegistrationViewModel.swift; sourceTree = "<group>"; };
		81A81D53237EE7C3009966ED /* GoogleService-Info.plist */ = {isa = PBXFileReference; fileEncoding = 4; lastKnownFileType = text.plist.xml; path = "GoogleService-Info.plist"; sourceTree = "<group>"; };
		81B7448B238565360092826D /* PhotoController.swift */ = {isa = PBXFileReference; lastKnownFileType = sourcecode.swift; path = PhotoController.swift; sourceTree = "<group>"; };
		81B83F9C237D5C03008A7663 /* Advertiser.swift */ = {isa = PBXFileReference; lastKnownFileType = sourcecode.swift; path = Advertiser.swift; sourceTree = "<group>"; };
		81B83F9E237D9D0C008A7663 /* RegistrationController.swift */ = {isa = PBXFileReference; lastKnownFileType = sourcecode.swift; path = RegistrationController.swift; sourceTree = "<group>"; };
		81DB12E82383102300807998 /* AgeRangeCell.swift */ = {isa = PBXFileReference; lastKnownFileType = sourcecode.swift; path = AgeRangeCell.swift; sourceTree = "<group>"; };
		BD3AEAD93A732B2F49A5BB66 /* Pods-GameSetMatch.release.xcconfig */ = {isa = PBXFileReference; includeInIndex = 1; lastKnownFileType = text.xcconfig; name = "Pods-GameSetMatch.release.xcconfig"; path = "Target Support Files/Pods-GameSetMatch/Pods-GameSetMatch.release.xcconfig"; sourceTree = "<group>"; };
		BDAB33CC88ED83FFB203AA87 /* Pods_GameSetMatch.framework */ = {isa = PBXFileReference; explicitFileType = wrapper.framework; includeInIndex = 0; path = Pods_GameSetMatch.framework; sourceTree = BUILT_PRODUCTS_DIR; };
/* End PBXFileReference section */

/* Begin PBXFrameworksBuildPhase section */
		818D771E237BF5230070D1FC /* Frameworks */ = {
			isa = PBXFrameworksBuildPhase;
			buildActionMask = 2147483647;
			files = (
				0FBF51818656A36938F70067 /* Pods_GameSetMatch.framework in Frameworks */,
			);
			runOnlyForDeploymentPostprocessing = 0;
		};
/* End PBXFrameworksBuildPhase section */

/* Begin PBXGroup section */
		0F3E51620538F37BF65EDD31 /* Pods */ = {
			isa = PBXGroup;
			children = (
				7A4FCA45D21EDAE0A52F25D9 /* Pods-GameSetMatch.debug.xcconfig */,
				BD3AEAD93A732B2F49A5BB66 /* Pods-GameSetMatch.release.xcconfig */,
			);
			path = Pods;
			sourceTree = "<group>";
		};
		66B1EE3BE78A4B5A2BE6ACF8 /* Frameworks */ = {
			isa = PBXGroup;
			children = (
				BDAB33CC88ED83FFB203AA87 /* Pods_GameSetMatch.framework */,
			);
			name = Frameworks;
			sourceTree = "<group>";
		};
		811327132383FAA200AF5F88 /* Login */ = {
			isa = PBXGroup;
			children = (
				811327152383FB0700AF5F88 /* LoginController.swift */,
				811327142383FB0700AF5F88 /* LoginViewModel.swift */,
			);
			path = Login;
			sourceTree = "<group>";
		};
		8113271823841F9800AF5F88 /* User Details */ = {
			isa = PBXGroup;
			children = (
				8113271923841FB700AF5F88 /* UserDetailsController.swift */,
				8113271B2384421F00AF5F88 /* SwipingPhotosController.swift */,
				81B7448B238565360092826D /* PhotoController.swift */,
			);
			path = "User Details";
			sourceTree = "<group>";
		};
		8120C94E237D5396009F8D91 /* Controllers */ = {
			isa = PBXGroup;
			children = (
				8113271823841F9800AF5F88 /* User Details */,
				811327132383FAA200AF5F88 /* Login */,
				818D7728237BF5230070D1FC /* HomeController.swift */,
				81B83F9E237D9D0C008A7663 /* RegistrationController.swift */,
				81A81D51237ED3CB009966ED /* RegistrationViewModel.swift */,
				8114AA842382AC8C006724B0 /* SettingsController.swift */,
				8140A1A82381942700C7DE8A /* Bindable.swift */,
			);
			path = Controllers;
			sourceTree = "<group>";
		};
		8120C94F237D542B009F8D91 /* ViewModels */ = {
			isa = PBXGroup;
			children = (
				8120C950237D543D009F8D91 /* CardViewModel.swift */,
			);
			path = ViewModels;
			sourceTree = "<group>";
		};
		818D7718237BF5230070D1FC = {
			isa = PBXGroup;
			children = (
				818D7723237BF5230070D1FC /* GameSetMatch */,
				818D7722237BF5230070D1FC /* Products */,
				0F3E51620538F37BF65EDD31 /* Pods */,
				66B1EE3BE78A4B5A2BE6ACF8 /* Frameworks */,
			);
			sourceTree = "<group>";
		};
		818D7722237BF5230070D1FC /* Products */ = {
			isa = PBXGroup;
			children = (
				818D7721237BF5230070D1FC /* GameSetMatch.app */,
			);
			name = Products;
			sourceTree = "<group>";
		};
		818D7723237BF5230070D1FC /* GameSetMatch */ = {
			isa = PBXGroup;
			children = (
				8120C94F237D542B009F8D91 /* ViewModels */,
				818D7742237C34390070D1FC /* Model */,
				818D773B237C021A0070D1FC /* Views */,
				8120C94E237D5396009F8D91 /* Controllers */,
				818D7738237BF6DF0070D1FC /* Extensions */,
				818D7724237BF5230070D1FC /* AppDelegate.swift */,
				818D7726237BF5230070D1FC /* SceneDelegate.swift */,
				818D772A237BF5230070D1FC /* Main.storyboard */,
				818D772D237BF5240070D1FC /* Assets.xcassets */,
				818D772F237BF5240070D1FC /* LaunchScreen.storyboard */,
				818D7732237BF5240070D1FC /* Info.plist */,
				81A81D53237EE7C3009966ED /* GoogleService-Info.plist */,
			);
			path = GameSetMatch;
			sourceTree = "<group>";
		};
		818D7738237BF6DF0070D1FC /* Extensions */ = {
			isa = PBXGroup;
			children = (
				818D7739237BF7130070D1FC /* Extensions+UIView.swift */,
			);
			path = Extensions;
			sourceTree = "<group>";
		};
		818D773B237C021A0070D1FC /* Views */ = {
			isa = PBXGroup;
			children = (
				818D773E237C07DA0070D1FC /* TopNavigationStackView.swift */,
				818D773C237C024D0070D1FC /* HomeBottomControlsStackView.swift */,
				818D7740237C14D20070D1FC /* CardView.swift */,
				81A81D4F237EB497009966ED /* CustomTextField.swift */,
				8114AA862382BDE5006724B0 /* SettingsCell.swift */,
				81DB12E82383102300807998 /* AgeRangeCell.swift */,
			);
			path = Views;
			sourceTree = "<group>";
		};
		818D7742237C34390070D1FC /* Model */ = {
			isa = PBXGroup;
			children = (
				818D7743237C344B0070D1FC /* User.swift */,
				81B83F9C237D5C03008A7663 /* Advertiser.swift */,
			);
			path = Model;
			sourceTree = "<group>";
		};
/* End PBXGroup section */

/* Begin PBXNativeTarget section */
		818D7720237BF5230070D1FC /* GameSetMatch */ = {
			isa = PBXNativeTarget;
			buildConfigurationList = 818D7735237BF5240070D1FC /* Build configuration list for PBXNativeTarget "GameSetMatch" */;
			buildPhases = (
				52BA3045BEA7481638CBD1CC /* [CP] Check Pods Manifest.lock */,
				818D771D237BF5230070D1FC /* Sources */,
				818D771E237BF5230070D1FC /* Frameworks */,
				818D771F237BF5230070D1FC /* Resources */,
				A4C8739A3C9F8EA823A275C0 /* [CP] Embed Pods Frameworks */,
			);
			buildRules = (
			);
			dependencies = (
			);
			name = GameSetMatch;
			productName = GameSetMatch;
			productReference = 818D7721237BF5230070D1FC /* GameSetMatch.app */;
			productType = "com.apple.product-type.application";
		};
/* End PBXNativeTarget section */

/* Begin PBXProject section */
		818D7719237BF5230070D1FC /* Project object */ = {
			isa = PBXProject;
			attributes = {
				LastSwiftUpdateCheck = 1120;
				LastUpgradeCheck = 1120;
				ORGANIZATIONNAME = "Renald Renks";
				TargetAttributes = {
					818D7720237BF5230070D1FC = {
						CreatedOnToolsVersion = 11.2;
					};
				};
			};
			buildConfigurationList = 818D771C237BF5230070D1FC /* Build configuration list for PBXProject "GameSetMatch" */;
			compatibilityVersion = "Xcode 9.3";
			developmentRegion = en;
			hasScannedForEncodings = 0;
			knownRegions = (
				en,
				Base,
			);
			mainGroup = 818D7718237BF5230070D1FC;
			productRefGroup = 818D7722237BF5230070D1FC /* Products */;
			projectDirPath = "";
			projectRoot = "";
			targets = (
				818D7720237BF5230070D1FC /* GameSetMatch */,
			);
		};
/* End PBXProject section */

/* Begin PBXResourcesBuildPhase section */
		818D771F237BF5230070D1FC /* Resources */ = {
			isa = PBXResourcesBuildPhase;
			buildActionMask = 2147483647;
			files = (
				818D7731237BF5240070D1FC /* LaunchScreen.storyboard in Resources */,
				81A81D54237EE7C3009966ED /* GoogleService-Info.plist in Resources */,
				818D772E237BF5240070D1FC /* Assets.xcassets in Resources */,
				818D772C237BF5230070D1FC /* Main.storyboard in Resources */,
			);
			runOnlyForDeploymentPostprocessing = 0;
		};
/* End PBXResourcesBuildPhase section */

/* Begin PBXShellScriptBuildPhase section */
		52BA3045BEA7481638CBD1CC /* [CP] Check Pods Manifest.lock */ = {
			isa = PBXShellScriptBuildPhase;
			buildActionMask = 2147483647;
			files = (
			);
			inputFileListPaths = (
			);
			inputPaths = (
				"${PODS_PODFILE_DIR_PATH}/Podfile.lock",
				"${PODS_ROOT}/Manifest.lock",
			);
			name = "[CP] Check Pods Manifest.lock";
			outputFileListPaths = (
			);
			outputPaths = (
				"$(DERIVED_FILE_DIR)/Pods-GameSetMatch-checkManifestLockResult.txt",
			);
			runOnlyForDeploymentPostprocessing = 0;
			shellPath = /bin/sh;
			shellScript = "diff \"${PODS_PODFILE_DIR_PATH}/Podfile.lock\" \"${PODS_ROOT}/Manifest.lock\" > /dev/null\nif [ $? != 0 ] ; then\n    # print error to STDERR\n    echo \"error: The sandbox is not in sync with the Podfile.lock. Run 'pod install' or update your CocoaPods installation.\" >&2\n    exit 1\nfi\n# This output is used by Xcode 'outputs' to avoid re-running this script phase.\necho \"SUCCESS\" > \"${SCRIPT_OUTPUT_FILE_0}\"\n";
			showEnvVarsInLog = 0;
		};
		A4C8739A3C9F8EA823A275C0 /* [CP] Embed Pods Frameworks */ = {
			isa = PBXShellScriptBuildPhase;
			buildActionMask = 2147483647;
			files = (
			);
			inputFileListPaths = (
				"${PODS_ROOT}/Target Support Files/Pods-GameSetMatch/Pods-GameSetMatch-frameworks-${CONFIGURATION}-input-files.xcfilelist",
			);
			name = "[CP] Embed Pods Frameworks";
			outputFileListPaths = (
				"${PODS_ROOT}/Target Support Files/Pods-GameSetMatch/Pods-GameSetMatch-frameworks-${CONFIGURATION}-output-files.xcfilelist",
			);
			runOnlyForDeploymentPostprocessing = 0;
			shellPath = /bin/sh;
			shellScript = "\"${PODS_ROOT}/Target Support Files/Pods-GameSetMatch/Pods-GameSetMatch-frameworks.sh\"\n";
			showEnvVarsInLog = 0;
		};
/* End PBXShellScriptBuildPhase section */

/* Begin PBXSourcesBuildPhase section */
		818D771D237BF5230070D1FC /* Sources */ = {
			isa = PBXSourcesBuildPhase;
			buildActionMask = 2147483647;
			files = (
				811327172383FB0700AF5F88 /* LoginController.swift in Sources */,
				81B83F9D237D5C03008A7663 /* Advertiser.swift in Sources */,
				818D7741237C14D20070D1FC /* CardView.swift in Sources */,
				818D7729237BF5230070D1FC /* HomeController.swift in Sources */,
				818D7725237BF5230070D1FC /* AppDelegate.swift in Sources */,
				818D773D237C024D0070D1FC /* HomeBottomControlsStackView.swift in Sources */,
				81DB12E92383102300807998 /* AgeRangeCell.swift in Sources */,
				8113271A23841FB700AF5F88 /* UserDetailsController.swift in Sources */,
				818D7744237C344B0070D1FC /* User.swift in Sources */,
				8114AA852382AC8C006724B0 /* SettingsController.swift in Sources */,
				811327162383FB0700AF5F88 /* LoginViewModel.swift in Sources */,
				81B83F9F237D9D0C008A7663 /* RegistrationController.swift in Sources */,
				818D773F237C07DA0070D1FC /* TopNavigationStackView.swift in Sources */,
				8140A1A92381942700C7DE8A /* Bindable.swift in Sources */,
				81A81D50237EB497009966ED /* CustomTextField.swift in Sources */,
				81A81D52237ED3CB009966ED /* RegistrationViewModel.swift in Sources */,
				81B7448C238565360092826D /* PhotoController.swift in Sources */,
				818D773A237BF7130070D1FC /* Extensions+UIView.swift in Sources */,
				818D7727237BF5230070D1FC /* SceneDelegate.swift in Sources */,
				8114AA872382BDE5006724B0 /* SettingsCell.swift in Sources */,
				8120C951237D543D009F8D91 /* CardViewModel.swift in Sources */,
				8113271C2384421F00AF5F88 /* SwipingPhotosController.swift in Sources */,
			);
			runOnlyForDeploymentPostprocessing = 0;
		};
/* End PBXSourcesBuildPhase section */

/* Begin PBXVariantGroup section */
		818D772A237BF5230070D1FC /* Main.storyboard */ = {
			isa = PBXVariantGroup;
			children = (
				818D772B237BF5230070D1FC /* Base */,
			);
			name = Main.storyboard;
			sourceTree = "<group>";
		};
		818D772F237BF5240070D1FC /* LaunchScreen.storyboard */ = {
			isa = PBXVariantGroup;
			children = (
				818D7730237BF5240070D1FC /* Base */,
			);
			name = LaunchScreen.storyboard;
			sourceTree = "<group>";
		};
/* End PBXVariantGroup section */

/* Begin XCBuildConfiguration section */
		818D7733237BF5240070D1FC /* Debug */ = {
			isa = XCBuildConfiguration;
			buildSettings = {
				ALWAYS_SEARCH_USER_PATHS = NO;
				CLANG_ANALYZER_NONNULL = YES;
				CLANG_ANALYZER_NUMBER_OBJECT_CONVERSION = YES_AGGRESSIVE;
				CLANG_CXX_LANGUAGE_STANDARD = "gnu++14";
				CLANG_CXX_LIBRARY = "libc++";
				CLANG_ENABLE_MODULES = YES;
				CLANG_ENABLE_OBJC_ARC = YES;
				CLANG_ENABLE_OBJC_WEAK = YES;
				CLANG_WARN_BLOCK_CAPTURE_AUTORELEASING = YES;
				CLANG_WARN_BOOL_CONVERSION = YES;
				CLANG_WARN_COMMA = YES;
				CLANG_WARN_CONSTANT_CONVERSION = YES;
				CLANG_WARN_DEPRECATED_OBJC_IMPLEMENTATIONS = YES;
				CLANG_WARN_DIRECT_OBJC_ISA_USAGE = YES_ERROR;
				CLANG_WARN_DOCUMENTATION_COMMENTS = YES;
				CLANG_WARN_EMPTY_BODY = YES;
				CLANG_WARN_ENUM_CONVERSION = YES;
				CLANG_WARN_INFINITE_RECURSION = YES;
				CLANG_WARN_INT_CONVERSION = YES;
				CLANG_WARN_NON_LITERAL_NULL_CONVERSION = YES;
				CLANG_WARN_OBJC_IMPLICIT_RETAIN_SELF = YES;
				CLANG_WARN_OBJC_LITERAL_CONVERSION = YES;
				CLANG_WARN_OBJC_ROOT_CLASS = YES_ERROR;
				CLANG_WARN_RANGE_LOOP_ANALYSIS = YES;
				CLANG_WARN_STRICT_PROTOTYPES = YES;
				CLANG_WARN_SUSPICIOUS_MOVE = YES;
				CLANG_WARN_UNGUARDED_AVAILABILITY = YES_AGGRESSIVE;
				CLANG_WARN_UNREACHABLE_CODE = YES;
				CLANG_WARN__DUPLICATE_METHOD_MATCH = YES;
				COPY_PHASE_STRIP = NO;
				DEBUG_INFORMATION_FORMAT = dwarf;
				ENABLE_STRICT_OBJC_MSGSEND = YES;
				ENABLE_TESTABILITY = YES;
				GCC_C_LANGUAGE_STANDARD = gnu11;
				GCC_DYNAMIC_NO_PIC = NO;
				GCC_NO_COMMON_BLOCKS = YES;
				GCC_OPTIMIZATION_LEVEL = 0;
				GCC_PREPROCESSOR_DEFINITIONS = (
					"DEBUG=1",
					"$(inherited)",
				);
				GCC_WARN_64_TO_32_BIT_CONVERSION = YES;
				GCC_WARN_ABOUT_RETURN_TYPE = YES_ERROR;
				GCC_WARN_UNDECLARED_SELECTOR = YES;
				GCC_WARN_UNINITIALIZED_AUTOS = YES_AGGRESSIVE;
				GCC_WARN_UNUSED_FUNCTION = YES;
				GCC_WARN_UNUSED_VARIABLE = YES;
				IPHONEOS_DEPLOYMENT_TARGET = 13.2;
				MTL_ENABLE_DEBUG_INFO = INCLUDE_SOURCE;
				MTL_FAST_MATH = YES;
				ONLY_ACTIVE_ARCH = YES;
				SDKROOT = iphoneos;
				SWIFT_ACTIVE_COMPILATION_CONDITIONS = DEBUG;
				SWIFT_OPTIMIZATION_LEVEL = "-Onone";
			};
			name = Debug;
		};
		818D7734237BF5240070D1FC /* Release */ = {
			isa = XCBuildConfiguration;
			buildSettings = {
				ALWAYS_SEARCH_USER_PATHS = NO;
				CLANG_ANALYZER_NONNULL = YES;
				CLANG_ANALYZER_NUMBER_OBJECT_CONVERSION = YES_AGGRESSIVE;
				CLANG_CXX_LANGUAGE_STANDARD = "gnu++14";
				CLANG_CXX_LIBRARY = "libc++";
				CLANG_ENABLE_MODULES = YES;
				CLANG_ENABLE_OBJC_ARC = YES;
				CLANG_ENABLE_OBJC_WEAK = YES;
				CLANG_WARN_BLOCK_CAPTURE_AUTORELEASING = YES;
				CLANG_WARN_BOOL_CONVERSION = YES;
				CLANG_WARN_COMMA = YES;
				CLANG_WARN_CONSTANT_CONVERSION = YES;
				CLANG_WARN_DEPRECATED_OBJC_IMPLEMENTATIONS = YES;
				CLANG_WARN_DIRECT_OBJC_ISA_USAGE = YES_ERROR;
				CLANG_WARN_DOCUMENTATION_COMMENTS = YES;
				CLANG_WARN_EMPTY_BODY = YES;
				CLANG_WARN_ENUM_CONVERSION = YES;
				CLANG_WARN_INFINITE_RECURSION = YES;
				CLANG_WARN_INT_CONVERSION = YES;
				CLANG_WARN_NON_LITERAL_NULL_CONVERSION = YES;
				CLANG_WARN_OBJC_IMPLICIT_RETAIN_SELF = YES;
				CLANG_WARN_OBJC_LITERAL_CONVERSION = YES;
				CLANG_WARN_OBJC_ROOT_CLASS = YES_ERROR;
				CLANG_WARN_RANGE_LOOP_ANALYSIS = YES;
				CLANG_WARN_STRICT_PROTOTYPES = YES;
				CLANG_WARN_SUSPICIOUS_MOVE = YES;
				CLANG_WARN_UNGUARDED_AVAILABILITY = YES_AGGRESSIVE;
				CLANG_WARN_UNREACHABLE_CODE = YES;
				CLANG_WARN__DUPLICATE_METHOD_MATCH = YES;
				COPY_PHASE_STRIP = NO;
				DEBUG_INFORMATION_FORMAT = "dwarf-with-dsym";
				ENABLE_NS_ASSERTIONS = NO;
				ENABLE_STRICT_OBJC_MSGSEND = YES;
				GCC_C_LANGUAGE_STANDARD = gnu11;
				GCC_NO_COMMON_BLOCKS = YES;
				GCC_WARN_64_TO_32_BIT_CONVERSION = YES;
				GCC_WARN_ABOUT_RETURN_TYPE = YES_ERROR;
				GCC_WARN_UNDECLARED_SELECTOR = YES;
				GCC_WARN_UNINITIALIZED_AUTOS = YES_AGGRESSIVE;
				GCC_WARN_UNUSED_FUNCTION = YES;
				GCC_WARN_UNUSED_VARIABLE = YES;
				IPHONEOS_DEPLOYMENT_TARGET = 13.2;
				MTL_ENABLE_DEBUG_INFO = NO;
				MTL_FAST_MATH = YES;
				SDKROOT = iphoneos;
				SWIFT_COMPILATION_MODE = wholemodule;
				SWIFT_OPTIMIZATION_LEVEL = "-O";
				VALIDATE_PRODUCT = YES;
			};
			name = Release;
		};
		818D7736237BF5240070D1FC /* Debug */ = {
			isa = XCBuildConfiguration;
			baseConfigurationReference = 7A4FCA45D21EDAE0A52F25D9 /* Pods-GameSetMatch.debug.xcconfig */;
			buildSettings = {
				ASSETCATALOG_COMPILER_APPICON_NAME = AppIcon;
				CODE_SIGN_STYLE = Automatic;
				DEVELOPMENT_TEAM = S5W9FKJ4DL;
				INFOPLIST_FILE = GameSetMatch/Info.plist;
				LD_RUNPATH_SEARCH_PATHS = (
					"$(inherited)",
					"@executable_path/Frameworks",
				);
				PRODUCT_BUNDLE_IDENTIFIER = com.skner.renks.GameSetMatch;
				PRODUCT_NAME = "$(TARGET_NAME)";
				SWIFT_VERSION = 5.0;
				TARGETED_DEVICE_FAMILY = 1;
			};
			name = Debug;
		};
		818D7737237BF5240070D1FC /* Release */ = {
			isa = XCBuildConfiguration;
			baseConfigurationReference = BD3AEAD93A732B2F49A5BB66 /* Pods-GameSetMatch.release.xcconfig */;
			buildSettings = {
				ASSETCATALOG_COMPILER_APPICON_NAME = AppIcon;
				CODE_SIGN_STYLE = Automatic;
				DEVELOPMENT_TEAM = S5W9FKJ4DL;
				INFOPLIST_FILE = GameSetMatch/Info.plist;
				LD_RUNPATH_SEARCH_PATHS = (
					"$(inherited)",
					"@executable_path/Frameworks",
				);
				PRODUCT_BUNDLE_IDENTIFIER = com.skner.renks.GameSetMatch;
				PRODUCT_NAME = "$(TARGET_NAME)";
				SWIFT_VERSION = 5.0;
				TARGETED_DEVICE_FAMILY = 1;
			};
			name = Release;
		};
/* End XCBuildConfiguration section */

/* Begin XCConfigurationList section */
		818D771C237BF5230070D1FC /* Build configuration list for PBXProject "GameSetMatch" */ = {
			isa = XCConfigurationList;
			buildConfigurations = (
				818D7733237BF5240070D1FC /* Debug */,
				818D7734237BF5240070D1FC /* Release */,
			);
			defaultConfigurationIsVisible = 0;
			defaultConfigurationName = Release;
		};
		818D7735237BF5240070D1FC /* Build configuration list for PBXNativeTarget "GameSetMatch" */ = {
			isa = XCConfigurationList;
			buildConfigurations = (
				818D7736237BF5240070D1FC /* Debug */,
				818D7737237BF5240070D1FC /* Release */,
			);
			defaultConfigurationIsVisible = 0;
			defaultConfigurationName = Release;
		};
/* End XCConfigurationList section */
	};
	rootObject = 818D7719237BF5230070D1FC /* Project object */;
}
